// !$*UTF8*$!
{
	archiveVersion = 1;
	classes = {
	};
	objectVersion = 46;
	objects = {

/* Begin PBXBuildFile section */
		2B5E727C199F474100779AC2 /* AppDelegate.swift in Sources */ = {isa = PBXBuildFile; fileRef = 2B5E727B199F474100779AC2 /* AppDelegate.swift */; };
		2B5E727E199F474100779AC2 /* ViewController.swift in Sources */ = {isa = PBXBuildFile; fileRef = 2B5E727D199F474100779AC2 /* ViewController.swift */; };
		2B5E7281199F474100779AC2 /* Main.storyboard in Resources */ = {isa = PBXBuildFile; fileRef = 2B5E727F199F474100779AC2 /* Main.storyboard */; };
		2B5E7283199F474100779AC2 /* Images.xcassets in Resources */ = {isa = PBXBuildFile; fileRef = 2B5E7282199F474100779AC2 /* Images.xcassets */; };
		2B5E728F199F474100779AC2 /* spring_button_demoTests.swift in Sources */ = {isa = PBXBuildFile; fileRef = 2B5E728E199F474100779AC2 /* spring_button_demoTests.swift */; };
		2B5E7299199F475900779AC2 /* play@2x.png in Resources */ = {isa = PBXBuildFile; fileRef = 2B5E7298199F475900779AC2 /* play@2x.png */; };
		2B5E729B199F479500779AC2 /* play.png in Resources */ = {isa = PBXBuildFile; fileRef = 2B5E729A199F479500779AC2 /* play.png */; };
		2B5E729D199F4C2B00779AC2 /* bubble.mp3 in Resources */ = {isa = PBXBuildFile; fileRef = 2B5E729C199F4C2B00779AC2 /* bubble.mp3 */; };
		7E7E85741BC8931B00410DCD /* Default-568h@2x.png in Resources */ = {isa = PBXBuildFile; fileRef = 7E7E85731BC8931B00410DCD /* Default-568h@2x.png */; settings = {ASSET_TAGS = (); }; };
		7E7E85761BC8934000410DCD /* Launch Screen.storyboard in Resources */ = {isa = PBXBuildFile; fileRef = 7E7E85751BC8934000410DCD /* Launch Screen.storyboard */; settings = {ASSET_TAGS = (); }; };
/* End PBXBuildFile section */

/* Begin PBXContainerItemProxy section */
		2B5E7289199F474100779AC2 /* PBXContainerItemProxy */ = {
			isa = PBXContainerItemProxy;
			containerPortal = 2B5E726E199F474100779AC2 /* Project object */;
			proxyType = 1;
			remoteGlobalIDString = 2B5E7275199F474100779AC2;
			remoteInfo = "spring-button-demo";
		};
/* End PBXContainerItemProxy section */

/* Begin PBXFileReference section */
		2B5E7276199F474100779AC2 /* spring-button-demo.app */ = {isa = PBXFileReference; explicitFileType = wrapper.application; includeInIndex = 0; path = "spring-button-demo.app"; sourceTree = BUILT_PRODUCTS_DIR; };
		2B5E727A199F474100779AC2 /* Info.plist */ = {isa = PBXFileReference; lastKnownFileType = text.plist.xml; path = Info.plist; sourceTree = "<group>"; };
		2B5E727B199F474100779AC2 /* AppDelegate.swift */ = {isa = PBXFileReference; lastKnownFileType = sourcecode.swift; path = AppDelegate.swift; sourceTree = "<group>"; };
		2B5E727D199F474100779AC2 /* ViewController.swift */ = {isa = PBXFileReference; lastKnownFileType = sourcecode.swift; path = ViewController.swift; sourceTree = "<group>"; };
		2B5E7280199F474100779AC2 /* Base */ = {isa = PBXFileReference; lastKnownFileType = file.storyboard; name = Base; path = Base.lproj/Main.storyboard; sourceTree = "<group>"; };
		2B5E7282199F474100779AC2 /* Images.xcassets */ = {isa = PBXFileReference; lastKnownFileType = folder.assetcatalog; path = Images.xcassets; sourceTree = "<group>"; };
		2B5E7288199F474100779AC2 /* spring-button-demoTests.xctest */ = {isa = PBXFileReference; explicitFileType = wrapper.cfbundle; includeInIndex = 0; path = "spring-button-demoTests.xctest"; sourceTree = BUILT_PRODUCTS_DIR; };
		2B5E728D199F474100779AC2 /* Info.plist */ = {isa = PBXFileReference; lastKnownFileType = text.plist.xml; path = Info.plist; sourceTree = "<group>"; };
		2B5E728E199F474100779AC2 /* spring_button_demoTests.swift */ = {isa = PBXFileReference; lastKnownFileType = sourcecode.swift; path = spring_button_demoTests.swift; sourceTree = "<group>"; };
		2B5E7298199F475900779AC2 /* play@2x.png */ = {isa = PBXFileReference; lastKnownFileType = image.png; path = "play@2x.png"; sourceTree = "<group>"; };
		2B5E729A199F479500779AC2 /* play.png */ = {isa = PBXFileReference; lastKnownFileType = image.png; path = play.png; sourceTree = "<group>"; };
		2B5E729C199F4C2B00779AC2 /* bubble.mp3 */ = {isa = PBXFileReference; lastKnownFileType = audio.mp3; path = bubble.mp3; sourceTree = "<group>"; };
		7E7E85731BC8931B00410DCD /* Default-568h@2x.png */ = {isa = PBXFileReference; lastKnownFileType = image.png; path = "Default-568h@2x.png"; sourceTree = "<group>"; };
		7E7E85751BC8934000410DCD /* Launch Screen.storyboard */ = {isa = PBXFileReference; fileEncoding = 4; lastKnownFileType = file.storyboard; path = "Launch Screen.storyboard"; sourceTree = "<group>"; };
/* End PBXFileReference section */

/* Begin PBXFrameworksBuildPhase section */
		2B5E7273199F474100779AC2 /* Frameworks */ = {
			isa = PBXFrameworksBuildPhase;
			buildActionMask = 2147483647;
			files = (
			);
			runOnlyForDeploymentPostprocessing = 0;
		};
		2B5E7285199F474100779AC2 /* Frameworks */ = {
			isa = PBXFrameworksBuildPhase;
			buildActionMask = 2147483647;
			files = (
			);
			runOnlyForDeploymentPostprocessing = 0;
		};
/* End PBXFrameworksBuildPhase section */

/* Begin PBXGroup section */
		2B5E726D199F474100779AC2 = {
			isa = PBXGroup;
			children = (
				2B5E7278199F474100779AC2 /* spring-button-demo */,
				2B5E728B199F474100779AC2 /* spring-button-demoTests */,
				2B5E7277199F474100779AC2 /* Products */,
			);
			sourceTree = "<group>";
		};
		2B5E7277199F474100779AC2 /* Products */ = {
			isa = PBXGroup;
			children = (
				2B5E7276199F474100779AC2 /* spring-button-demo.app */,
				2B5E7288199F474100779AC2 /* spring-button-demoTests.xctest */,
			);
			name = Products;
			sourceTree = "<group>";
		};
		2B5E7278199F474100779AC2 /* spring-button-demo */ = {
			isa = PBXGroup;
			children = (
				2B5E729C199F4C2B00779AC2 /* bubble.mp3 */,
				2B5E729A199F479500779AC2 /* play.png */,
				2B5E7298199F475900779AC2 /* play@2x.png */,
				2B5E727B199F474100779AC2 /* AppDelegate.swift */,
				2B5E727D199F474100779AC2 /* ViewController.swift */,
				2B5E727F199F474100779AC2 /* Main.storyboard */,
				2B5E7282199F474100779AC2 /* Images.xcassets */,
				2B5E7279199F474100779AC2 /* Supporting Files */,
				7E7E85751BC8934000410DCD /* Launch Screen.storyboard */,
			);
			path = "spring-button-demo";
			sourceTree = "<group>";
		};
		2B5E7279199F474100779AC2 /* Supporting Files */ = {
			isa = PBXGroup;
			children = (
				7E7E85731BC8931B00410DCD /* Default-568h@2x.png */,
				2B5E727A199F474100779AC2 /* Info.plist */,
			);
			name = "Supporting Files";
			sourceTree = "<group>";
		};
		2B5E728B199F474100779AC2 /* spring-button-demoTests */ = {
			isa = PBXGroup;
			children = (
				2B5E728E199F474100779AC2 /* spring_button_demoTests.swift */,
				2B5E728C199F474100779AC2 /* Supporting Files */,
			);
			path = "spring-button-demoTests";
			sourceTree = "<group>";
		};
		2B5E728C199F474100779AC2 /* Supporting Files */ = {
			isa = PBXGroup;
			children = (
				2B5E728D199F474100779AC2 /* Info.plist */,
			);
			name = "Supporting Files";
			sourceTree = "<group>";
		};
/* End PBXGroup section */

/* Begin PBXNativeTarget section */
		2B5E7275199F474100779AC2 /* spring-button-demo */ = {
			isa = PBXNativeTarget;
			buildConfigurationList = 2B5E7292199F474100779AC2 /* Build configuration list for PBXNativeTarget "spring-button-demo" */;
			buildPhases = (
				2B5E7272199F474100779AC2 /* Sources */,
				2B5E7273199F474100779AC2 /* Frameworks */,
				2B5E7274199F474100779AC2 /* Resources */,
			);
			buildRules = (
			);
			dependencies = (
			);
			name = "spring-button-demo";
			productName = "spring-button-demo";
			productReference = 2B5E7276199F474100779AC2 /* spring-button-demo.app */;
			productType = "com.apple.product-type.application";
		};
		2B5E7287199F474100779AC2 /* spring-button-demoTests */ = {
			isa = PBXNativeTarget;
			buildConfigurationList = 2B5E7295199F474100779AC2 /* Build configuration list for PBXNativeTarget "spring-button-demoTests" */;
			buildPhases = (
				2B5E7284199F474100779AC2 /* Sources */,
				2B5E7285199F474100779AC2 /* Frameworks */,
				2B5E7286199F474100779AC2 /* Resources */,
			);
			buildRules = (
			);
			dependencies = (
				2B5E728A199F474100779AC2 /* PBXTargetDependency */,
			);
			name = "spring-button-demoTests";
			productName = "spring-button-demoTests";
			productReference = 2B5E7288199F474100779AC2 /* spring-button-demoTests.xctest */;
			productType = "com.apple.product-type.bundle.unit-test";
		};
/* End PBXNativeTarget section */

/* Begin PBXProject section */
		2B5E726E199F474100779AC2 /* Project object */ = {
			isa = PBXProject;
			attributes = {
				LastSwiftUpdateCheck = 0700;
				LastUpgradeCheck = 0700;
				ORGANIZATIONNAME = "Evgenii Neumerzhitckii";
				TargetAttributes = {
					2B5E7275199F474100779AC2 = {
						CreatedOnToolsVersion = 6.0;
					};
					2B5E7287199F474100779AC2 = {
						CreatedOnToolsVersion = 6.0;
						TestTargetID = 2B5E7275199F474100779AC2;
					};
				};
			};
			buildConfigurationList = 2B5E7271199F474100779AC2 /* Build configuration list for PBXProject "spring-button-demo" */;
			compatibilityVersion = "Xcode 3.2";
			developmentRegion = English;
			hasScannedForEncodings = 0;
			knownRegions = (
				en,
				Base,
			);
			mainGroup = 2B5E726D199F474100779AC2;
			productRefGroup = 2B5E7277199F474100779AC2 /* Products */;
			projectDirPath = "";
			projectRoot = "";
			targets = (
				2B5E7275199F474100779AC2 /* spring-button-demo */,
				2B5E7287199F474100779AC2 /* spring-button-demoTests */,
			);
		};
/* End PBXProject section */

/* Begin PBXResourcesBuildPhase section */
		2B5E7274199F474100779AC2 /* Resources */ = {
			isa = PBXResourcesBuildPhase;
			buildActionMask = 2147483647;
			files = (
				2B5E7281199F474100779AC2 /* Main.storyboard in Resources */,
				2B5E729B199F479500779AC2 /* play.png in Resources */,
				2B5E729D199F4C2B00779AC2 /* bubble.mp3 in Resources */,
				2B5E7283199F474100779AC2 /* Images.xcassets in Resources */,
				2B5E7299199F475900779AC2 /* play@2x.png in Resources */,
				7E7E85741BC8931B00410DCD /* Default-568h@2x.png in Resources */,
				7E7E85761BC8934000410DCD /* Launch Screen.storyboard in Resources */,
			);
			runOnlyForDeploymentPostprocessing = 0;
		};
		2B5E7286199F474100779AC2 /* Resources */ = {
			isa = PBXResourcesBuildPhase;
			buildActionMask = 2147483647;
			files = (
			);
			runOnlyForDeploymentPostprocessing = 0;
		};
/* End PBXResourcesBuildPhase section */

/* Begin PBXSourcesBuildPhase section */
		2B5E7272199F474100779AC2 /* Sources */ = {
			isa = PBXSourcesBuildPhase;
			buildActionMask = 2147483647;
			files = (
				2B5E727E199F474100779AC2 /* ViewController.swift in Sources */,
				2B5E727C199F474100779AC2 /* AppDelegate.swift in Sources */,
			);
			runOnlyForDeploymentPostprocessing = 0;
		};
		2B5E7284199F474100779AC2 /* Sources */ = {
			isa = PBXSourcesBuildPhase;
			buildActionMask = 2147483647;
			files = (
				2B5E728F199F474100779AC2 /* spring_button_demoTests.swift in Sources */,
			);
			runOnlyForDeploymentPostprocessing = 0;
		};
/* End PBXSourcesBuildPhase section */

/* Begin PBXTargetDependency section */
		2B5E728A199F474100779AC2 /* PBXTargetDependency */ = {
			isa = PBXTargetDependency;
			target = 2B5E7275199F474100779AC2 /* spring-button-demo */;
			targetProxy = 2B5E7289199F474100779AC2 /* PBXContainerItemProxy */;
		};
/* End PBXTargetDependency section */

/* Begin PBXVariantGroup section */
		2B5E727F199F474100779AC2 /* Main.storyboard */ = {
			isa = PBXVariantGroup;
			children = (
				2B5E7280199F474100779AC2 /* Base */,
			);
			name = Main.storyboard;
			sourceTree = "<group>";
		};
/* End PBXVariantGroup section */

/* Begin XCBuildConfiguration section */
		2B5E7290199F474100779AC2 /* Debug */ = {
			isa = XCBuildConfiguration;
			buildSettings = {
				ALWAYS_SEARCH_USER_PATHS = NO;
				CLANG_CXX_LANGUAGE_STANDARD = "gnu++0x";
				CLANG_CXX_LIBRARY = "libc++";
				CLANG_ENABLE_MODULES = YES;
				CLANG_ENABLE_OBJC_ARC = YES;
				CLANG_WARN_BOOL_CONVERSION = YES;
				CLANG_WARN_CONSTANT_CONVERSION = YES;
				CLANG_WARN_DIRECT_OBJC_ISA_USAGE = YES_ERROR;
				CLANG_WARN_EMPTY_BODY = YES;
				CLANG_WARN_ENUM_CONVERSION = YES;
				CLANG_WARN_INT_CONVERSION = YES;
				CLANG_WARN_OBJC_ROOT_CLASS = YES_ERROR;
				CLANG_WARN_UNREACHABLE_CODE = YES;
				CLANG_WARN__DUPLICATE_METHOD_MATCH = YES;
				"CODE_SIGN_IDENTITY[sdk=iphoneos*]" = "iPhone Developer";
				COPY_PHASE_STRIP = NO;
				ENABLE_STRICT_OBJC_MSGSEND = YES;
				ENABLE_TESTABILITY = YES;
				GCC_C_LANGUAGE_STANDARD = gnu99;
				GCC_DYNAMIC_NO_PIC = NO;
				GCC_OPTIMIZATION_LEVEL = 0;
				GCC_PREPROCESSOR_DEFINITIONS = (
					"DEBUG=1",
					"$(inherited)",
				);
				GCC_SYMBOLS_PRIVATE_EXTERN = NO;
				GCC_WARN_64_TO_32_BIT_CONVERSION = YES;
				GCC_WARN_ABOUT_RETURN_TYPE = YES_ERROR;
				GCC_WARN_UNDECLARED_SELECTOR = YES;
				GCC_WARN_UNINITIALIZED_AUTOS = YES_AGGRESSIVE;
				GCC_WARN_UNUSED_FUNCTION = YES;
				GCC_WARN_UNUSED_VARIABLE = YES;
				IPHONEOS_DEPLOYMENT_TARGET = 7.0;
				MTL_ENABLE_DEBUG_INFO = YES;
				ONLY_ACTIVE_ARCH = YES;
				SDKROOT = iphoneos;
				SWIFT_OPTIMIZATION_LEVEL = "-Onone";
				TARGETED_DEVICE_FAMILY = "1,2";
			};
			name = Debug;
		};
		2B5E7291199F474100779AC2 /* Release */ = {
			isa = XCBuildConfiguration;
			buildSettings = {
				ALWAYS_SEARCH_USER_PATHS = NO;
				CLANG_CXX_LANGUAGE_STANDARD = "gnu++0x";
				CLANG_CXX_LIBRARY = "libc++";
				CLANG_ENABLE_MODULES = YES;
				CLANG_ENABLE_OBJC_ARC = YES;
				CLANG_WARN_BOOL_CONVERSION = YES;
				CLANG_WARN_CONSTANT_CONVERSION = YES;
				CLANG_WARN_DIRECT_OBJC_ISA_USAGE = YES_ERROR;
				CLANG_WARN_EMPTY_BODY = YES;
				CLANG_WARN_ENUM_CONVERSION = YES;
				CLANG_WARN_INT_CONVERSION = YES;
				CLANG_WARN_OBJC_ROOT_CLASS = YES_ERROR;
				CLANG_WARN_UNREACHABLE_CODE = YES;
				CLANG_WARN__DUPLICATE_METHOD_MATCH = YES;
				"CODE_SIGN_IDENTITY[sdk=iphoneos*]" = "iPhone Developer";
				COPY_PHASE_STRIP = YES;
				ENABLE_NS_ASSERTIONS = NO;
				ENABLE_STRICT_OBJC_MSGSEND = YES;
				GCC_C_LANGUAGE_STANDARD = gnu99;
				GCC_WARN_64_TO_32_BIT_CONVERSION = YES;
				GCC_WARN_ABOUT_RETURN_TYPE = YES_ERROR;
				GCC_WARN_UNDECLARED_SELECTOR = YES;
				GCC_WARN_UNINITIALIZED_AUTOS = YES_AGGRESSIVE;
				GCC_WARN_UNUSED_FUNCTION = YES;
				GCC_WARN_UNUSED_VARIABLE = YES;
				IPHONEOS_DEPLOYMENT_TARGET = 7.0;
				MTL_ENABLE_DEBUG_INFO = NO;
				SDKROOT = iphoneos;
				TARGETED_DEVICE_FAMILY = "1,2";
				VALIDATE_PRODUCT = YES;
			};
			name = Release;
		};
		2B5E7293199F474100779AC2 /* Debug */ = {
			isa = XCBuildConfiguration;
			buildSettings = {
				ASSETCATALOG_COMPILER_APPICON_NAME = AppIcon;
				ASSETCATALOG_COMPILER_LAUNCHIMAGE_NAME = LaunchImage;
				INFOPLIST_FILE = "spring-button-demo/Info.plist";
				IPHONEOS_DEPLOYMENT_TARGET = 7.0;
				LD_RUNPATH_SEARCH_PATHS = "$(inherited) @executable_path/Frameworks";
				PRODUCT_BUNDLE_IDENTIFIER = "com.evgenii.$(PRODUCT_NAME:rfc1034identifier)";
				PRODUCT_NAME = "$(TARGET_NAME)";
			};
			name = Debug;
		};
		2B5E7294199F474100779AC2 /* Release */ = {
			isa = XCBuildConfiguration;
			buildSettings = {
				ASSETCATALOG_COMPILER_APPICON_NAME = AppIcon;
				ASSETCATALOG_COMPILER_LAUNCHIMAGE_NAME = LaunchImage;
				INFOPLIST_FILE = "spring-button-demo/Info.plist";
				IPHONEOS_DEPLOYMENT_TARGET = 7.0;
				LD_RUNPATH_SEARCH_PATHS = "$(inherited) @executable_path/Frameworks";
				PRODUCT_BUNDLE_IDENTIFIER = "com.evgenii.$(PRODUCT_NAME:rfc1034identifier)";
				PRODUCT_NAME = "$(TARGET_NAME)";
			};
			name = Release;
		};
		2B5E7296199F474100779AC2 /* Debug */ = {
			isa = XCBuildConfiguration;
			buildSettings = {
				BUNDLE_LOADER = "$(TEST_HOST)";
				FRAMEWORK_SEARCH_PATHS = (
					"$(SDKROOT)/Developer/Library/Frameworks",
					"$(inherited)",
				);
				GCC_PREPROCESSOR_DEFINITIONS = (
					"DEBUG=1",
					"$(inherited)",
				);
				INFOPLIST_FILE = "spring-button-demoTests/Info.plist";
				LD_RUNPATH_SEARCH_PATHS = "$(inherited) @executable_path/Frameworks @loader_path/Frameworks";
				PRODUCT_BUNDLE_IDENTIFIER = "com.evgenii.$(PRODUCT_NAME:rfc1034identifier)";
				PRODUCT_NAME = "$(TARGET_NAME)";
				TEST_HOST = "$(BUILT_PRODUCTS_DIR)/spring-button-demo.app/spring-button-demo";
			};
			name = Debug;
		};
		2B5E7297199F474100779AC2 /* Release */ = {
			isa = XCBuildConfiguration;
			buildSettings = {
				BUNDLE_LOADER = "$(TEST_HOST)";
				FRAMEWORK_SEARCH_PATHS = (
					"$(SDKROOT)/Developer/Library/Frameworks",
					"$(inherited)",
				);
				INFOPLIST_FILE = "spring-button-demoTests/Info.plist";
				LD_RUNPATH_SEARCH_PATHS = "$(inherited) @executable_path/Frameworks @loader_path/Frameworks";
				PRODUCT_BUNDLE_IDENTIFIER = "com.evgenii.$(PRODUCT_NAME:rfc1034identifier)";
				PRODUCT_NAME = "$(TARGET_NAME)";
				TEST_HOST = "$(BUILT_PRODUCTS_DIR)/spring-button-demo.app/spring-button-demo";
			};
			name = Release;
		};
/* End XCBuildConfiguration section */

/* Begin XCConfigurationList section */
		2B5E7271199F474100779AC2 /* Build configuration list for PBXProject "spring-button-demo" */ = {
			isa = XCConfigurationList;
			buildConfigurations = (
				2B5E7290199F474100779AC2 /* Debug */,
				2B5E7291199F474100779AC2 /* Release */,
			);
			defaultConfigurationIsVisible = 0;
			defaultConfigurationName = Release;
		};
		2B5E7292199F474100779AC2 /* Build configuration list for PBXNativeTarget "spring-button-demo" */ = {
			isa = XCConfigurationList;
			buildConfigurations = (
				2B5E7293199F474100779AC2 /* Debug */,
				2B5E7294199F474100779AC2 /* Release */,
			);
			defaultConfigurationIsVisible = 0;
			defaultConfigurationName = Release;
		};
		2B5E7295199F474100779AC2 /* Build configuration list for PBXNativeTarget "spring-button-demoTests" */ = {
			isa = XCConfigurationList;
			buildConfigurations = (
				2B5E7296199F474100779AC2 /* Debug */,
				2B5E7297199F474100779AC2 /* Release */,
			);
			defaultConfigurationIsVisible = 0;
			defaultConfigurationName = Release;
		};
/* End XCConfigurationList section */
	};
	rootObject = 2B5E726E199F474100779AC2 /* Project object */;
}
